
Microsoft Visual Studio Solution File, Format Version 12.00
# Visual Studio Version 16
VisualStudioVersion = 16.0.30413.136
MinimumVisualStudioVersion = 10.0.40219.1
Project("{FAE04EC0-301F-11D3-BF4B-00C04F79EFBC}") = "SinavOlusturmaProjesi", "SinavOlusturmaProjesi\SinavOlusturmaProjesi.csproj", "{0FB39945-1EA3-4405-8510-E437C8157124}"
EndProject
Global
	GlobalSection(SolutionConfigurationPlatforms) = preSolution
		Debug|Any CPU = Debug|Any CPU
		Release|Any CPU = Release|Any CPU
	EndGlobalSection
	GlobalSection(ProjectConfigurationPlatforms) = postSolution
		{0FB39945-1EA3-4405-8510-E437C8157124}.Debug|Any CPU.ActiveCfg = Debug|Any CPU
		{0FB39945-1EA3-4405-8510-E437C8157124}.Debug|Any CPU.Build.0 = Debug|Any CPU
		{0FB39945-1EA3-4405-8510-E437C8157124}.Release|Any CPU.ActiveCfg = Release|Any CPU
		{0FB39945-1EA3-4405-8510-E437C8157124}.Release|Any CPU.Build.0 = Release|Any CPU
	EndGlobalSection
	GlobalSection(SolutionProperties) = preSolution
		HideSolutionNode = FALSE
	EndGlobalSection
	GlobalSection(ExtensibilityGlobals) = postSolution
		SolutionGuid = {5534F850-5D67-4B7C-9FED-0BC88176B676}
	EndGlobalSection
EndGlobal
